{
    "name": "@master/dom",
    "version": "1.0.0-alpha.1",
    "lockfileVersion": 1,
    "requires": true,
    "dependencies": {
        "@master/dom": {
            "version": "1.0.3",
            "resolved": "https://registry.npmjs.org/@master/dom/-/dom-1.0.3.tgz",
            "integrity": "sha512-jWOqKEMuDBifwwVhmMszMgiyo+kYCBl3QnwATiUV73ZgepaGouOOOCSYinbbmM700tmKvjAh2VdSEkhMElGATQ=="
        },
        "@master/element": {
            "version": "1.0.2",
            "resolved": "https://registry.npmjs.org/@master/element/-/element-1.0.2.tgz",
            "integrity": "sha512-jUJJ7bAq2UlHsRUBLN3M6WmDPkaPTwTbz/CIKlmKwDJ4fGMjelUv33FlfHTbQoNHJ9W/9svFRGaAoixidBm7xg==",
            "requires": {
                "@master/dom": "~1.0.0",
                "reflect-metadata": "^0.1.13"
            }
        },
        "@master/template": {
            "version": "1.0.0",
            "resolved": "https://registry.npmjs.org/@master/template/-/template-1.0.0.tgz",
            "integrity": "sha512-6N4Y15fsqHUMFEyMWBYnpqRcHbIj/K09RUo8tzGbMMXoVkhlfTyFRqtGWegaafje9ZEh2OwD2qhf5lV9v+E7LQ==",
            "requires": {
                "@master/dom": "~1.0.0"
            }
        },
        "@popperjs/core": {
            "version": "2.6.0",
            "resolved": "https://registry.npmjs.org/@popperjs/core/-/core-2.6.0.tgz",
            "integrity": "sha512-cPqjjzuFWNK3BSKLm0abspP0sp/IGOli4p5I5fKFAzdS8fvjdOwDCfZqAaIiXd9lPkOWi3SUUfZof3hEb7J/uw=="
        },
        "body-scroll-lock": {
            "version": "3.1.5",
            "resolved": "https://registry.npmjs.org/body-scroll-lock/-/body-scroll-lock-3.1.5.tgz",
            "integrity": "sha512-Yi1Xaml0EvNA0OYWxXiYNqY24AfWkbA6w5vxE7GWxtKfzIbZM+Qw+aSmkgsbWzbHiy/RCSkUZBplVxTA+E4jJg=="
        },
        "lodash-es": {
            "version": "4.17.20",
            "resolved": "https://registry.npmjs.org/lodash-es/-/lodash-es-4.17.20.tgz",
            "integrity": "sha512-JD1COMZsq8maT6mnuz1UMV0jvYD0E0aUsSOdrr1/nAG3dhqQXwRRgeW0cSqH1U43INKcqxaiVIQNOUDld7gRDA=="
        },
        "reflect-metadata": {
            "version": "0.1.13",
            "resolved": "https://registry.npmjs.org/reflect-metadata/-/reflect-metadata-0.1.13.tgz",
            "integrity": "sha512-Ts1Y/anZELhSsjMcU605fU9RE4Oi3p5ORujwbIKXfWa+0Zxs510Qrmrce5/Jowq3cHSZSJqBjypxmHarc+vEWg=="
        }
    }
}
